
Microsoft Visual Studio Solution File, Format Version 12.00
# Visual Studio Version 16
VisualStudioVersion = 16.0.31105.61
MinimumVisualStudioVersion = 10.0.40219.1
Project("{FAE04EC0-301F-11D3-BF4B-00C04F79EFBC}") = "zad4", "zad4\zad4.csproj", "{87246E79-E43D-4642-B068-68D09CB96239}"
EndProject
Global
	GlobalSection(SolutionConfigurationPlatforms) = preSolution
		Debug|Any CPU = Debug|Any CPU
		Release|Any CPU = Release|Any CPU
	EndGlobalSection
	GlobalSection(ProjectConfigurationPlatforms) = postSolution
		{87246E79-E43D-4642-B068-68D09CB96239}.Debug|Any CPU.ActiveCfg = Debug|Any CPU
		{87246E79-E43D-4642-B068-68D09CB96239}.Debug|Any CPU.Build.0 = Debug|Any CPU
		{87246E79-E43D-4642-B068-68D09CB96239}.Release|Any CPU.ActiveCfg = Release|Any CPU
		{87246E79-E43D-4642-B068-68D09CB96239}.Release|Any CPU.Build.0 = Release|Any CPU
	EndGlobalSection
	GlobalSection(SolutionProperties) = preSolution
		HideSolutionNode = FALSE
	EndGlobalSection
	GlobalSection(ExtensibilityGlobals) = postSolution
		SolutionGuid = {E152D0C6-9852-4773-B4F3-69509FA28204}
	EndGlobalSection
EndGlobal
